{
  "name": "markhumans",
  "version": "1.0.0",
  "lockfileVersion": 1,
  "requires": true,
  "dependencies": {
    "@uirouter/angularjs": {
      "version": "1.0.11",
      "resolved": "https://registry.npmjs.org/@uirouter/angularjs/-/angularjs-1.0.11.tgz",
      "integrity": "sha512-AG6DT1mYEGLyRt8/Ggf/1teh4pp0yB99GTufC/pY6FfxmkrVE44dv9bGTOrcEETiPgu1SezsqTMjbXEv55JxCw==",
      "requires": {
        "@uirouter/core": "5.0.11"
      }
    },
    "@uirouter/core": {
      "version": "5.0.11",
      "resolved": "https://registry.npmjs.org/@uirouter/core/-/core-5.0.11.tgz",
      "integrity": "sha512-x8js8f0nJivRMlxVyFcP5VmHyI091qUYCSEP69+m3uTCsIlCvLWmQiT4/FY7YBe9go6tYBBzPV+dWseg5XMD8Q=="
    },
    "angular": {
      "version": "1.6.6",
      "resolved": "https://registry.npmjs.org/angular/-/angular-1.6.6.tgz",
      "integrity": "sha1-/Vo8+0N844LYVO4BEgeXl4Uny2Q="
    },
    "bootstrap": {
      "version": "4.0.0-beta.2",
      "resolved": "https://registry.npmjs.org/bootstrap/-/bootstrap-4.0.0-beta.2.tgz",
      "integrity": "sha512-DzGtdTlKbrMoGMpz0LigKSqJ+MgtFKxA791PU/q062OlRG0HybNZcTLH7rpDAmLS66Y3esN9yzKHLLbqa5UR3w=="
    },
    "jquery": {
      "version": "3.2.1",
      "resolved": "https://registry.npmjs.org/jquery/-/jquery-3.2.1.tgz",
      "integrity": "sha1-XE2d5lKvbNCncBVKYxu6ErAVx4c="
    }
  }
}
